
Microsoft Visual Studio Solution File, Format Version 12.00
# Visual Studio Version 16
VisualStudioVersion = 16.0.31624.102
MinimumVisualStudioVersion = 10.0.40219.1
Project("{8BC9CEB8-8B4A-11D0-8D11-00A0C91BC942}") = "A8-9", "A8-9.vcxproj", "{83AB00B2-8E50-4D73-974D-73B911B9E264}"
EndProject
Global
	GlobalSection(SolutionConfigurationPlatforms) = preSolution
		Debug|x64 = Debug|x64
		Debug|x86 = Debug|x86
		Release|x64 = Release|x64
		Release|x86 = Release|x86
	EndGlobalSection
	GlobalSection(ProjectConfigurationPlatforms) = postSolution
		{83AB00B2-8E50-4D73-974D-73B911B9E264}.Debug|x64.ActiveCfg = Debug|x64
		{83AB00B2-8E50-4D73-974D-73B911B9E264}.Debug|x64.Build.0 = Debug|x64
		{83AB00B2-8E50-4D73-974D-73B911B9E264}.Debug|x86.ActiveCfg = Debug|Win32
		{83AB00B2-8E50-4D73-974D-73B911B9E264}.Debug|x86.Build.0 = Debug|Win32
		{83AB00B2-8E50-4D73-974D-73B911B9E264}.Release|x64.ActiveCfg = Release|x64
		{83AB00B2-8E50-4D73-974D-73B911B9E264}.Release|x64.Build.0 = Release|x64
		{83AB00B2-8E50-4D73-974D-73B911B9E264}.Release|x86.ActiveCfg = Release|Win32
		{83AB00B2-8E50-4D73-974D-73B911B9E264}.Release|x86.Build.0 = Release|Win32
	EndGlobalSection
	GlobalSection(SolutionProperties) = preSolution
		HideSolutionNode = FALSE
	EndGlobalSection
	GlobalSection(ExtensibilityGlobals) = postSolution
		SolutionGuid = {6D12B688-2865-4E14-A944-5BCB3D1E410B}
	EndGlobalSection
EndGlobal
