
Microsoft Visual Studio Solution File, Format Version 12.00
# Visual Studio Version 17
VisualStudioVersion = 17.7.34221.43
MinimumVisualStudioVersion = 10.0.40219.1
Project("{FAE04EC0-301F-11D3-BF4B-00C04F79EFBC}") = "RayTracerEllipsoid", "RayTracerEllipsoid.csproj", "{19DA3525-07B5-41DE-A8E5-82CAE8BDF8AB}"
EndProject
Global
	GlobalSection(SolutionConfigurationPlatforms) = preSolution
		Debug|Any CPU = Debug|Any CPU
		Release|Any CPU = Release|Any CPU
	EndGlobalSection
	GlobalSection(ProjectConfigurationPlatforms) = postSolution
		{19DA3525-07B5-41DE-A8E5-82CAE8BDF8AB}.Debug|Any CPU.ActiveCfg = Debug|Any CPU
		{19DA3525-07B5-41DE-A8E5-82CAE8BDF8AB}.Debug|Any CPU.Build.0 = Debug|Any CPU
		{19DA3525-07B5-41DE-A8E5-82CAE8BDF8AB}.Release|Any CPU.ActiveCfg = Release|Any CPU
		{19DA3525-07B5-41DE-A8E5-82CAE8BDF8AB}.Release|Any CPU.Build.0 = Release|Any CPU
	EndGlobalSection
	GlobalSection(SolutionProperties) = preSolution
		HideSolutionNode = FALSE
	EndGlobalSection
	GlobalSection(ExtensibilityGlobals) = postSolution
		SolutionGuid = {770A9B3B-B3A5-441E-9E44-2396E383193D}
	EndGlobalSection
EndGlobal
